lockfileVersion: '9.0'

settings:
  autoInstallPeers: true
  excludeLinksFromLockfile: false

importers:
  .:
    dependencies:
      '@base-ui/react':
        specifier: ^1.5.0
        version: 1.5.0
      '@supabase/supabase-js':
        specifier: ^2.45.0
        version: 2.45.0
      '@vercel/analytics':
        specifier: 1.6.1
        version: 1.6.1
      class-variance-authority:
        specifier: ^0.7.1
        version: 0.7.1
      clsx:
        specifier: ^2.1.1
        version: 2.1.1
      cn:
        specifier: ^0.2.6
        version: 0.2.6
      lucide-react:
        specifier: ^1.16.0
        version: 1.17.0
      next:
        specifier: 16.3.3
        version: 16.3.3
      react:
        specifier: ^19
        version: 19.2.4
      react-dom:
        specifier: ^19
        version: 19.2.4
      recharts:
        specifier: ^2.12.0
        version: 2.12.0
      shadcn:
        specifier: ^4.11.0
        version: 4.19.0
      tailwind-merge:
        specifier: ^3.3.1
        version: 3.4.0
      tw-animate-css:
        specifier: ^1.4.0
        version: 1.4.0
    devDependencies:
      '@tailwindcss/postcss':
        specifier: ^4.3.3
        version: 4.3.3
      '@types/node':
        specifier: ^24
        version: 24.10.4
      '@types/react':
        specifier: ^19
        version: 19.2.14
      '@types/react-dom':
        specifier: ^19
        version: 19.2.3
      postcss:
        specifier: ^8.5
        version: 8.5.6
      tailwindcss:
        specifier: ^4.3.3
        version: 4.3.3
      typescript:
        specifier: 5.7.3
        version: 5.7.3

packages:
  '@base-ui/react@1.5.0':
    resolution: {integrity: sha512-PLACEHOLDER}
  '@supabase/supabase-js@2.45.0':
    resolution: {integrity: sha512-PLACEHOLDER}
  '@vercel/analytics@1.6.1':
    resolution: {integrity: sha512-PLACEHOLDER}
  'class-variance-authority@0.7.1':
    resolution: {integrity: sha512-PLACEHOLDER}
  'clsx@2.1.1':
    resolution: {integrity: sha512-PLACEHOLDER}
  'cn@0.2.6':
    resolution: {integrity: sha512-PLACEHOLDER}
  'lucide-react@1.17.0':
    resolution: {integrity: sha512-PLACEHOLDER}
  'next@16.3.3':
    resolution: {integrity: sha512-PLACEHOLDER}
  'react@19.2.4':
    resolution: {integrity: sha512-PLACEHOLDER}
  'react-dom@19.2.4':
    resolution: {integrity: sha512-PLACEHOLDER}
  'recharts@2.12.0':
    resolution: {integrity: sha512-PLACEHOLDER}
  'shadcn@4.19.0':
    resolution: {integrity: sha512-PLACEHOLDER}
  'tailwind-merge@3.4.0':
    resolution: {integrity: sha512-PLACEHOLDER}
  'tw-animate-css@1.4.0':
    resolution: {integrity: sha512-PLACEHOLDER}
  '@tailwindcss/postcss@4.3.3':
    resolution: {integrity: sha512-PLACEHOLDER}
  '@types/node@24.10.4':
    resolution: {integrity: sha512-PLACEHOLDER}
  '@types/react@19.2.14':
    resolution: {integrity: sha512-PLACEHOLDER}
  '@types/react-dom@19.2.3':
    resolution: {integrity: sha512-PLACEHOLDER}
  'postcss@8.5.6':
    resolution: {integrity: sha512-PLACEHOLDER}
  'tailwindcss@4.3.3':
    resolution: {integrity: sha512-PLACEHOLDER}
  'typescript@5.7.3':
    resolution: {integrity: sha512-PLACEHOLDER}
